
Microsoft Visual Studio Solution File, Format Version 12.00
# Visual Studio 14
VisualStudioVersion = 14.0.25420.1
MinimumVisualStudioVersion = 10.0.40219.1
Project("{FAE04EC0-301F-11D3-BF4B-00C04F79EFBC}") = "hangman", "hangman\hangman\hangman.csproj", "{603989B1-9492-4153-955B-3C0DB70D6BFC}"
EndProject
Project("{96E2B04D-8817-42C6-938A-82C39BA4D311}") = "hangmanContent", "hangman\hangmanContent\hangmanContent.contentproj", "{BB1DEB89-AEFC-4912-9D9A-D2C1F94F2F06}"
EndProject
Global
	GlobalSection(SolutionConfigurationPlatforms) = preSolution
		Debug|x86 = Debug|x86
		Release|x86 = Release|x86
	EndGlobalSection
	GlobalSection(ProjectConfigurationPlatforms) = postSolution
		{603989B1-9492-4153-955B-3C0DB70D6BFC}.Debug|x86.ActiveCfg = Debug|x86
		{603989B1-9492-4153-955B-3C0DB70D6BFC}.Debug|x86.Build.0 = Debug|x86
		{603989B1-9492-4153-955B-3C0DB70D6BFC}.Release|x86.ActiveCfg = Release|x86
		{603989B1-9492-4153-955B-3C0DB70D6BFC}.Release|x86.Build.0 = Release|x86
		{BB1DEB89-AEFC-4912-9D9A-D2C1F94F2F06}.Debug|x86.ActiveCfg = Debug|x86
		{BB1DEB89-AEFC-4912-9D9A-D2C1F94F2F06}.Release|x86.ActiveCfg = Release|x86
	EndGlobalSection
	GlobalSection(SolutionProperties) = preSolution
		HideSolutionNode = FALSE
	EndGlobalSection
EndGlobal
